
Microsoft Visual Studio Solution File, Format Version 12.00
Project("{2150E333-8FDC-42A3-9474-1A3956D46DE8}") = "src", "src", "{E66D8188-7DF1-4581-B431-7A2A06826342}"
EndProject
Project("{2150E333-8FDC-42A3-9474-1A3956D46DE8}") = "tests", "tests", "{66F858C1-4885-4064-B257-ABFFB763755E}"
EndProject
Project("{FAE04EC0-301F-11D3-BF4B-00C04F79EFBC}") = "Laraue.Apps.Boards.DataAccess", "src\Laraue.Apps.Boards.DataAccess\Laraue.Apps.Boards.DataAccess.csproj", "{57A6F2DA-6E02-4731-A12B-76CE9DDD7402}"
EndProject
Project("{FAE04EC0-301F-11D3-BF4B-00C04F79EFBC}") = "Laraue.Apps.Boards.TelegramHost", "src\Laraue.Apps.Boards.TelegramHost\Laraue.Apps.Boards.TelegramHost.csproj", "{94D25C82-4A20-44DC-88B6-E3F9A634EFF8}"
EndProject
Project("{FAE04EC0-301F-11D3-BF4B-00C04F79EFBC}") = "Laraue.Apps.Boards.Services", "src\Laraue.Apps.Boards.Services\Laraue.Apps.Boards.Services.csproj", "{3D21378E-16F0-4C64-B171-4D78443C3B32}"
EndProject
Project("{FAE04EC0-301F-11D3-BF4B-00C04F79EFBC}") = "Laraue.Apps.Boards.TelegramServices", "src\Laraue.Apps.Boards.TelegramServices\Laraue.Apps.Boards.TelegramServices.csproj", "{7FA6BB6B-EAFC-499D-B79B-D262EC35B998}"
EndProject
Project("{2150E333-8FDC-42A3-9474-1A3956D46DE8}") = "hosts", "hosts", "{743A9981-A9CD-42E7-B10B-FFF787337D50}"
EndProject
Project("{FAE04EC0-301F-11D3-BF4B-00C04F79EFBC}") = "Laraue.Apps.Boards.WebApiHost", "src\Laraue.Apps.Boards.WebApiHost\Laraue.Apps.Boards.WebApiHost.csproj", "{B8E89702-1188-4D78-BF21-9EF3B3FB34B5}"
EndProject
Project("{FAE04EC0-301F-11D3-BF4B-00C04F79EFBC}") = "Laraue.Apps.Boards.WebApiServices", "src\Laraue.Apps.Boards.WebApiServices\Laraue.Apps.Boards.WebApiServices.csproj", "{D19CC756-66A6-408E-9755-824D7C836E08}"
EndProject
Project("{FAE04EC0-301F-11D3-BF4B-00C04F79EFBC}") = "Laraue.Apps.Boards.IntegrationTests", "tests\Laraue.Apps.Boards.IntegrationTests\Laraue.Apps.Boards.IntegrationTests.csproj", "{B5F7BA80-6FA0-4F6B-9817-D4C3CF495E93}"
EndProject
Project("{FAE04EC0-301F-11D3-BF4B-00C04F79EFBC}") = "Laraue.Apps.Retro.Services", "src\Laraue.Apps.Retro.Services\Laraue.Apps.Retro.Services.csproj", "{48D0F40E-C67B-4C86-94C2-44CBF1D59CE2}"
EndProject
Project("{FAE04EC0-301F-11D3-BF4B-00C04F79EFBC}") = "Laraue.Apps.Retro.WebApiServices", "src\Laraue.Apps.Retro.WebApiServices\Laraue.Apps.Retro.WebApiServices.csproj", "{EE5C0A4C-B912-4167-AB89-3010BACC3A74}"
EndProject
Project("{FAE04EC0-301F-11D3-BF4B-00C04F79EFBC}") = "Laraue.Apps.Retro.WebApiHost", "src\Laraue.Apps.Retro.WebApiHost\Laraue.Apps.Retro.WebApiHost.csproj", "{EB231750-8071-486C-B1B4-9DE25C10D2D5}"
EndProject
Project("{FAE04EC0-301F-11D3-BF4B-00C04F79EFBC}") = "Laraue.Apps.Boards.Common", "src\Laraue.Apps.Boards.Common\Laraue.Apps.Boards.Common.csproj", "{15E7B4B5-6B97-4417-9DFA-89B225070826}"
EndProject
Global
	GlobalSection(SolutionConfigurationPlatforms) = preSolution
		Debug|Any CPU = Debug|Any CPU
		Debug|x64 = Debug|x64
		Debug|x86 = Debug|x86
		Release|Any CPU = Release|Any CPU
		Release|x64 = Release|x64
		Release|x86 = Release|x86
	EndGlobalSection
	GlobalSection(ProjectConfigurationPlatforms) = postSolution
		{57A6F2DA-6E02-4731-A12B-76CE9DDD7402}.Debug|Any CPU.ActiveCfg = Debug|Any CPU
		{57A6F2DA-6E02-4731-A12B-76CE9DDD7402}.Debug|Any CPU.Build.0 = Debug|Any CPU
		{57A6F2DA-6E02-4731-A12B-76CE9DDD7402}.Debug|x64.ActiveCfg = Debug|Any CPU
		{57A6F2DA-6E02-4731-A12B-76CE9DDD7402}.Debug|x64.Build.0 = Debug|Any CPU
		{57A6F2DA-6E02-4731-A12B-76CE9DDD7402}.Debug|x86.ActiveCfg = Debug|Any CPU
		{57A6F2DA-6E02-4731-A12B-76CE9DDD7402}.Debug|x86.Build.0 = Debug|Any CPU
		{57A6F2DA-6E02-4731-A12B-76CE9DDD7402}.Release|Any CPU.ActiveCfg = Release|Any CPU
		{57A6F2DA-6E02-4731-A12B-76CE9DDD7402}.Release|Any CPU.Build.0 = Release|Any CPU
		{57A6F2DA-6E02-4731-A12B-76CE9DDD7402}.Release|x64.ActiveCfg = Release|Any CPU
		{57A6F2DA-6E02-4731-A12B-76CE9DDD7402}.Release|x64.Build.0 = Release|Any CPU
		{57A6F2DA-6E02-4731-A12B-76CE9DDD7402}.Release|x86.ActiveCfg = Release|Any CPU
		{57A6F2DA-6E02-4731-A12B-76CE9DDD7402}.Release|x86.Build.0 = Release|Any CPU
		{94D25C82-4A20-44DC-88B6-E3F9A634EFF8}.Debug|Any CPU.ActiveCfg = Debug|Any CPU
		{94D25C82-4A20-44DC-88B6-E3F9A634EFF8}.Debug|Any CPU.Build.0 = Debug|Any CPU
		{94D25C82-4A20-44DC-88B6-E3F9A634EFF8}.Debug|x64.ActiveCfg = Debug|Any CPU
		{94D25C82-4A20-44DC-88B6-E3F9A634EFF8}.Debug|x64.Build.0 = Debug|Any CPU
		{94D25C82-4A20-44DC-88B6-E3F9A634EFF8}.Debug|x86.ActiveCfg = Debug|Any CPU
		{94D25C82-4A20-44DC-88B6-E3F9A634EFF8}.Debug|x86.Build.0 = Debug|Any CPU
		{94D25C82-4A20-44DC-88B6-E3F9A634EFF8}.Release|Any CPU.ActiveCfg = Release|Any CPU
		{94D25C82-4A20-44DC-88B6-E3F9A634EFF8}.Release|Any CPU.Build.0 = Release|Any CPU
		{94D25C82-4A20-44DC-88B6-E3F9A634EFF8}.Release|x64.ActiveCfg = Release|Any CPU
		{94D25C82-4A20-44DC-88B6-E3F9A634EFF8}.Release|x64.Build.0 = Release|Any CPU
		{94D25C82-4A20-44DC-88B6-E3F9A634EFF8}.Release|x86.ActiveCfg = Release|Any CPU
		{94D25C82-4A20-44DC-88B6-E3F9A634EFF8}.Release|x86.Build.0 = Release|Any CPU
		{3D21378E-16F0-4C64-B171-4D78443C3B32}.Debug|Any CPU.ActiveCfg = Debug|Any CPU
		{3D21378E-16F0-4C64-B171-4D78443C3B32}.Debug|Any CPU.Build.0 = Debug|Any CPU
		{3D21378E-16F0-4C64-B171-4D78443C3B32}.Debug|x64.ActiveCfg = Debug|Any CPU
		{3D21378E-16F0-4C64-B171-4D78443C3B32}.Debug|x64.Build.0 = Debug|Any CPU
		{3D21378E-16F0-4C64-B171-4D78443C3B32}.Debug|x86.ActiveCfg = Debug|Any CPU
		{3D21378E-16F0-4C64-B171-4D78443C3B32}.Debug|x86.Build.0 = Debug|Any CPU
		{3D21378E-16F0-4C64-B171-4D78443C3B32}.Release|Any CPU.ActiveCfg = Release|Any CPU
		{3D21378E-16F0-4C64-B171-4D78443C3B32}.Release|Any CPU.Build.0 = Release|Any CPU
		{3D21378E-16F0-4C64-B171-4D78443C3B32}.Release|x64.ActiveCfg = Release|Any CPU
		{3D21378E-16F0-4C64-B171-4D78443C3B32}.Release|x64.Build.0 = Release|Any CPU
		{3D21378E-16F0-4C64-B171-4D78443C3B32}.Release|x86.ActiveCfg = Release|Any CPU
		{3D21378E-16F0-4C64-B171-4D78443C3B32}.Release|x86.Build.0 = Release|Any CPU
		{7FA6BB6B-EAFC-499D-B79B-D262EC35B998}.Debug|Any CPU.ActiveCfg = Debug|Any CPU
		{7FA6BB6B-EAFC-499D-B79B-D262EC35B998}.Debug|Any CPU.Build.0 = Debug|Any CPU
		{7FA6BB6B-EAFC-499D-B79B-D262EC35B998}.Debug|x64.ActiveCfg = Debug|Any CPU
		{7FA6BB6B-EAFC-499D-B79B-D262EC35B998}.Debug|x64.Build.0 = Debug|Any CPU
		{7FA6BB6B-EAFC-499D-B79B-D262EC35B998}.Debug|x86.ActiveCfg = Debug|Any CPU
		{7FA6BB6B-EAFC-499D-B79B-D262EC35B998}.Debug|x86.Build.0 = Debug|Any CPU
		{7FA6BB6B-EAFC-499D-B79B-D262EC35B998}.Release|Any CPU.ActiveCfg = Release|Any CPU
		{7FA6BB6B-EAFC-499D-B79B-D262EC35B998}.Release|Any CPU.Build.0 = Release|Any CPU
		{7FA6BB6B-EAFC-499D-B79B-D262EC35B998}.Release|x64.ActiveCfg = Release|Any CPU
		{7FA6BB6B-EAFC-499D-B79B-D262EC35B998}.Release|x64.Build.0 = Release|Any CPU
		{7FA6BB6B-EAFC-499D-B79B-D262EC35B998}.Release|x86.ActiveCfg = Release|Any CPU
		{7FA6BB6B-EAFC-499D-B79B-D262EC35B998}.Release|x86.Build.0 = Release|Any CPU
		{B8E89702-1188-4D78-BF21-9EF3B3FB34B5}.Debug|Any CPU.ActiveCfg = Debug|Any CPU
		{B8E89702-1188-4D78-BF21-9EF3B3FB34B5}.Debug|Any CPU.Build.0 = Debug|Any CPU
		{B8E89702-1188-4D78-BF21-9EF3B3FB34B5}.Debug|x64.ActiveCfg = Debug|Any CPU
		{B8E89702-1188-4D78-BF21-9EF3B3FB34B5}.Debug|x64.Build.0 = Debug|Any CPU
		{B8E89702-1188-4D78-BF21-9EF3B3FB34B5}.Debug|x86.ActiveCfg = Debug|Any CPU
		{B8E89702-1188-4D78-BF21-9EF3B3FB34B5}.Debug|x86.Build.0 = Debug|Any CPU
		{B8E89702-1188-4D78-BF21-9EF3B3FB34B5}.Release|Any CPU.ActiveCfg = Release|Any CPU
		{B8E89702-1188-4D78-BF21-9EF3B3FB34B5}.Release|Any CPU.Build.0 = Release|Any CPU
		{B8E89702-1188-4D78-BF21-9EF3B3FB34B5}.Release|x64.ActiveCfg = Release|Any CPU
		{B8E89702-1188-4D78-BF21-9EF3B3FB34B5}.Release|x64.Build.0 = Release|Any CPU
		{B8E89702-1188-4D78-BF21-9EF3B3FB34B5}.Release|x86.ActiveCfg = Release|Any CPU
		{B8E89702-1188-4D78-BF21-9EF3B3FB34B5}.Release|x86.Build.0 = Release|Any CPU
		{D19CC756-66A6-408E-9755-824D7C836E08}.Debug|Any CPU.ActiveCfg = Debug|Any CPU
		{D19CC756-66A6-408E-9755-824D7C836E08}.Debug|Any CPU.Build.0 = Debug|Any CPU
		{D19CC756-66A6-408E-9755-824D7C836E08}.Debug|x64.ActiveCfg = Debug|Any CPU
		{D19CC756-66A6-408E-9755-824D7C836E08}.Debug|x64.Build.0 = Debug|Any CPU
		{D19CC756-66A6-408E-9755-824D7C836E08}.Debug|x86.ActiveCfg = Debug|Any CPU
		{D19CC756-66A6-408E-9755-824D7C836E08}.Debug|x86.Build.0 = Debug|Any CPU
		{D19CC756-66A6-408E-9755-824D7C836E08}.Release|Any CPU.ActiveCfg = Release|Any CPU
		{D19CC756-66A6-408E-9755-824D7C836E08}.Release|Any CPU.Build.0 = Release|Any CPU
		{D19CC756-66A6-408E-9755-824D7C836E08}.Release|x64.ActiveCfg = Release|Any CPU
		{D19CC756-66A6-408E-9755-824D7C836E08}.Release|x64.Build.0 = Release|Any CPU
		{D19CC756-66A6-408E-9755-824D7C836E08}.Release|x86.ActiveCfg = Release|Any CPU
		{D19CC756-66A6-408E-9755-824D7C836E08}.Release|x86.Build.0 = Release|Any CPU
		{B5F7BA80-6FA0-4F6B-9817-D4C3CF495E93}.Debug|Any CPU.ActiveCfg = Debug|Any CPU
		{B5F7BA80-6FA0-4F6B-9817-D4C3CF495E93}.Debug|Any CPU.Build.0 = Debug|Any CPU
		{B5F7BA80-6FA0-4F6B-9817-D4C3CF495E93}.Debug|x64.ActiveCfg = Debug|Any CPU
		{B5F7BA80-6FA0-4F6B-9817-D4C3CF495E93}.Debug|x64.Build.0 = Debug|Any CPU
		{B5F7BA80-6FA0-4F6B-9817-D4C3CF495E93}.Debug|x86.ActiveCfg = Debug|Any CPU
		{B5F7BA80-6FA0-4F6B-9817-D4C3CF495E93}.Debug|x86.Build.0 = Debug|Any CPU
		{B5F7BA80-6FA0-4F6B-9817-D4C3CF495E93}.Release|Any CPU.ActiveCfg = Release|Any CPU
		{B5F7BA80-6FA0-4F6B-9817-D4C3CF495E93}.Release|Any CPU.Build.0 = Release|Any CPU
		{B5F7BA80-6FA0-4F6B-9817-D4C3CF495E93}.Release|x64.ActiveCfg = Release|Any CPU
		{B5F7BA80-6FA0-4F6B-9817-D4C3CF495E93}.Release|x64.Build.0 = Release|Any CPU
		{B5F7BA80-6FA0-4F6B-9817-D4C3CF495E93}.Release|x86.ActiveCfg = Release|Any CPU
		{B5F7BA80-6FA0-4F6B-9817-D4C3CF495E93}.Release|x86.Build.0 = Release|Any CPU
		{48D0F40E-C67B-4C86-94C2-44CBF1D59CE2}.Debug|Any CPU.ActiveCfg = Debug|Any CPU
		{48D0F40E-C67B-4C86-94C2-44CBF1D59CE2}.Debug|Any CPU.Build.0 = Debug|Any CPU
		{48D0F40E-C67B-4C86-94C2-44CBF1D59CE2}.Debug|x64.ActiveCfg = Debug|Any CPU
		{48D0F40E-C67B-4C86-94C2-44CBF1D59CE2}.Debug|x64.Build.0 = Debug|Any CPU
		{48D0F40E-C67B-4C86-94C2-44CBF1D59CE2}.Debug|x86.ActiveCfg = Debug|Any CPU
		{48D0F40E-C67B-4C86-94C2-44CBF1D59CE2}.Debug|x86.Build.0 = Debug|Any CPU
		{48D0F40E-C67B-4C86-94C2-44CBF1D59CE2}.Release|Any CPU.ActiveCfg = Release|Any CPU
		{48D0F40E-C67B-4C86-94C2-44CBF1D59CE2}.Release|Any CPU.Build.0 = Release|Any CPU
		{48D0F40E-C67B-4C86-94C2-44CBF1D59CE2}.Release|x64.ActiveCfg = Release|Any CPU
		{48D0F40E-C67B-4C86-94C2-44CBF1D59CE2}.Release|x64.Build.0 = Release|Any CPU
		{48D0F40E-C67B-4C86-94C2-44CBF1D59CE2}.Release|x86.ActiveCfg = Release|Any CPU
		{48D0F40E-C67B-4C86-94C2-44CBF1D59CE2}.Release|x86.Build.0 = Release|Any CPU
		{EE5C0A4C-B912-4167-AB89-3010BACC3A74}.Debug|Any CPU.ActiveCfg = Debug|Any CPU
		{EE5C0A4C-B912-4167-AB89-3010BACC3A74}.Debug|Any CPU.Build.0 = Debug|Any CPU
		{EE5C0A4C-B912-4167-AB89-3010BACC3A74}.Debug|x64.ActiveCfg = Debug|Any CPU
		{EE5C0A4C-B912-4167-AB89-3010BACC3A74}.Debug|x64.Build.0 = Debug|Any CPU
		{EE5C0A4C-B912-4167-AB89-3010BACC3A74}.Debug|x86.ActiveCfg = Debug|Any CPU
		{EE5C0A4C-B912-4167-AB89-3010BACC3A74}.Debug|x86.Build.0 = Debug|Any CPU
		{EE5C0A4C-B912-4167-AB89-3010BACC3A74}.Release|Any CPU.ActiveCfg = Release|Any CPU
		{EE5C0A4C-B912-4167-AB89-3010BACC3A74}.Release|Any CPU.Build.0 = Release|Any CPU
		{EE5C0A4C-B912-4167-AB89-3010BACC3A74}.Release|x64.ActiveCfg = Release|Any CPU
		{EE5C0A4C-B912-4167-AB89-3010BACC3A74}.Release|x64.Build.0 = Release|Any CPU
		{EE5C0A4C-B912-4167-AB89-3010BACC3A74}.Release|x86.ActiveCfg = Release|Any CPU
		{EE5C0A4C-B912-4167-AB89-3010BACC3A74}.Release|x86.Build.0 = Release|Any CPU
		{EB231750-8071-486C-B1B4-9DE25C10D2D5}.Debug|Any CPU.ActiveCfg = Debug|Any CPU
		{EB231750-8071-486C-B1B4-9DE25C10D2D5}.Debug|Any CPU.Build.0 = Debug|Any CPU
		{EB231750-8071-486C-B1B4-9DE25C10D2D5}.Debug|x64.ActiveCfg = Debug|Any CPU
		{EB231750-8071-486C-B1B4-9DE25C10D2D5}.Debug|x64.Build.0 = Debug|Any CPU
		{EB231750-8071-486C-B1B4-9DE25C10D2D5}.Debug|x86.ActiveCfg = Debug|Any CPU
		{EB231750-8071-486C-B1B4-9DE25C10D2D5}.Debug|x86.Build.0 = Debug|Any CPU
		{EB231750-8071-486C-B1B4-9DE25C10D2D5}.Release|Any CPU.ActiveCfg = Release|Any CPU
		{EB231750-8071-486C-B1B4-9DE25C10D2D5}.Release|Any CPU.Build.0 = Release|Any CPU
		{EB231750-8071-486C-B1B4-9DE25C10D2D5}.Release|x64.ActiveCfg = Release|Any CPU
		{EB231750-8071-486C-B1B4-9DE25C10D2D5}.Release|x64.Build.0 = Release|Any CPU
		{EB231750-8071-486C-B1B4-9DE25C10D2D5}.Release|x86.ActiveCfg = Release|Any CPU
		{EB231750-8071-486C-B1B4-9DE25C10D2D5}.Release|x86.Build.0 = Release|Any CPU
		{15E7B4B5-6B97-4417-9DFA-89B225070826}.Debug|Any CPU.ActiveCfg = Debug|Any CPU
		{15E7B4B5-6B97-4417-9DFA-89B225070826}.Debug|Any CPU.Build.0 = Debug|Any CPU
		{15E7B4B5-6B97-4417-9DFA-89B225070826}.Debug|x64.ActiveCfg = Debug|Any CPU
		{15E7B4B5-6B97-4417-9DFA-89B225070826}.Debug|x64.Build.0 = Debug|Any CPU
		{15E7B4B5-6B97-4417-9DFA-89B225070826}.Debug|x86.ActiveCfg = Debug|Any CPU
		{15E7B4B5-6B97-4417-9DFA-89B225070826}.Debug|x86.Build.0 = Debug|Any CPU
		{15E7B4B5-6B97-4417-9DFA-89B225070826}.Release|Any CPU.ActiveCfg = Release|Any CPU
		{15E7B4B5-6B97-4417-9DFA-89B225070826}.Release|Any CPU.Build.0 = Release|Any CPU
		{15E7B4B5-6B97-4417-9DFA-89B225070826}.Release|x64.ActiveCfg = Release|Any CPU
		{15E7B4B5-6B97-4417-9DFA-89B225070826}.Release|x64.Build.0 = Release|Any CPU
		{15E7B4B5-6B97-4417-9DFA-89B225070826}.Release|x86.ActiveCfg = Release|Any CPU
		{15E7B4B5-6B97-4417-9DFA-89B225070826}.Release|x86.Build.0 = Release|Any CPU
	EndGlobalSection
	GlobalSection(SolutionProperties) = preSolution
		HideSolutionNode = FALSE
	EndGlobalSection
	GlobalSection(NestedProjects) = preSolution
		{57A6F2DA-6E02-4731-A12B-76CE9DDD7402} = {E66D8188-7DF1-4581-B431-7A2A06826342}
		{94D25C82-4A20-44DC-88B6-E3F9A634EFF8} = {743A9981-A9CD-42E7-B10B-FFF787337D50}
		{3D21378E-16F0-4C64-B171-4D78443C3B32} = {E66D8188-7DF1-4581-B431-7A2A06826342}
		{7FA6BB6B-EAFC-499D-B79B-D262EC35B998} = {E66D8188-7DF1-4581-B431-7A2A06826342}
		{B8E89702-1188-4D78-BF21-9EF3B3FB34B5} = {743A9981-A9CD-42E7-B10B-FFF787337D50}
		{D19CC756-66A6-408E-9755-824D7C836E08} = {E66D8188-7DF1-4581-B431-7A2A06826342}
		{B5F7BA80-6FA0-4F6B-9817-D4C3CF495E93} = {66F858C1-4885-4064-B257-ABFFB763755E}
		{48D0F40E-C67B-4C86-94C2-44CBF1D59CE2} = {E66D8188-7DF1-4581-B431-7A2A06826342}
		{EE5C0A4C-B912-4167-AB89-3010BACC3A74} = {E66D8188-7DF1-4581-B431-7A2A06826342}
		{EB231750-8071-486C-B1B4-9DE25C10D2D5} = {743A9981-A9CD-42E7-B10B-FFF787337D50}
		{15E7B4B5-6B97-4417-9DFA-89B225070826} = {E66D8188-7DF1-4581-B431-7A2A06826342}
	EndGlobalSection
EndGlobal
